
Microsoft Visual Studio Solution File, Format Version 12.00
# Visual Studio Version 16
VisualStudioVersion = 16.0.31205.134
MinimumVisualStudioVersion = 10.0.40219.1
Project("{9A19103F-16F7-4668-BE54-9A1E7A4F7556}") = "Core", "Core\Core.csproj", "{B8E24CDD-57E9-4B6D-A100-CD7B0D806524}"
EndProject
Project("{2150E333-8FDC-42A3-9474-1A3956D46DE8}") = "Tests", "Tests", "{810401D4-9061-4D3B-8613-D35985686415}"
EndProject
Project("{FAE04EC0-301F-11D3-BF4B-00C04F79EFBC}") = "WebApi", "WebApi\WebApi.csproj", "{F7E40380-85FB-4795-9F8F-A29D05C44EA6}"
EndProject
Project("{9A19103F-16F7-4668-BE54-9A1E7A4F7556}") = "Core.UnitTests", "Core.UnitTests\Core.UnitTests.csproj", "{CB6CE859-1AC6-4360-9026-F8F606559198}"
EndProject
Project("{FAE04EC0-301F-11D3-BF4B-00C04F79EFBC}") = "WebApi.UnitTests", "WebApiUnitTests\WebApi.UnitTests.csproj", "{8B700206-1197-4A0C-8AFB-9CC02904651F}"
EndProject
Project("{FAE04EC0-301F-11D3-BF4B-00C04F79EFBC}") = "Web", "Web\Web.csproj", "{FC45A64F-653C-4C9C-B580-148B87D748C1}"
EndProject
Project("{FAE04EC0-301F-11D3-BF4B-00C04F79EFBC}") = "Web.UnitTests", "Web.UnitTests\Web.UnitTests.csproj", "{58EA2531-1514-43EA-9436-560D51980C73}"
EndProject
Global
	GlobalSection(SolutionConfigurationPlatforms) = preSolution
		Debug|Any CPU = Debug|Any CPU
		Release|Any CPU = Release|Any CPU
	EndGlobalSection
	GlobalSection(ProjectConfigurationPlatforms) = postSolution
		{B8E24CDD-57E9-4B6D-A100-CD7B0D806524}.Debug|Any CPU.ActiveCfg = Debug|Any CPU
		{B8E24CDD-57E9-4B6D-A100-CD7B0D806524}.Debug|Any CPU.Build.0 = Debug|Any CPU
		{B8E24CDD-57E9-4B6D-A100-CD7B0D806524}.Release|Any CPU.ActiveCfg = Release|Any CPU
		{B8E24CDD-57E9-4B6D-A100-CD7B0D806524}.Release|Any CPU.Build.0 = Release|Any CPU
		{F7E40380-85FB-4795-9F8F-A29D05C44EA6}.Debug|Any CPU.ActiveCfg = Debug|Any CPU
		{F7E40380-85FB-4795-9F8F-A29D05C44EA6}.Debug|Any CPU.Build.0 = Debug|Any CPU
		{F7E40380-85FB-4795-9F8F-A29D05C44EA6}.Release|Any CPU.ActiveCfg = Release|Any CPU
		{F7E40380-85FB-4795-9F8F-A29D05C44EA6}.Release|Any CPU.Build.0 = Release|Any CPU
		{CB6CE859-1AC6-4360-9026-F8F606559198}.Debug|Any CPU.ActiveCfg = Debug|Any CPU
		{CB6CE859-1AC6-4360-9026-F8F606559198}.Debug|Any CPU.Build.0 = Debug|Any CPU
		{CB6CE859-1AC6-4360-9026-F8F606559198}.Release|Any CPU.ActiveCfg = Release|Any CPU
		{CB6CE859-1AC6-4360-9026-F8F606559198}.Release|Any CPU.Build.0 = Release|Any CPU
		{8B700206-1197-4A0C-8AFB-9CC02904651F}.Debug|Any CPU.ActiveCfg = Debug|Any CPU
		{8B700206-1197-4A0C-8AFB-9CC02904651F}.Debug|Any CPU.Build.0 = Debug|Any CPU
		{8B700206-1197-4A0C-8AFB-9CC02904651F}.Release|Any CPU.ActiveCfg = Release|Any CPU
		{8B700206-1197-4A0C-8AFB-9CC02904651F}.Release|Any CPU.Build.0 = Release|Any CPU
		{FC45A64F-653C-4C9C-B580-148B87D748C1}.Debug|Any CPU.ActiveCfg = Debug|Any CPU
		{FC45A64F-653C-4C9C-B580-148B87D748C1}.Debug|Any CPU.Build.0 = Debug|Any CPU
		{FC45A64F-653C-4C9C-B580-148B87D748C1}.Release|Any CPU.ActiveCfg = Release|Any CPU
		{FC45A64F-653C-4C9C-B580-148B87D748C1}.Release|Any CPU.Build.0 = Release|Any CPU
		{58EA2531-1514-43EA-9436-560D51980C73}.Debug|Any CPU.ActiveCfg = Debug|Any CPU
		{58EA2531-1514-43EA-9436-560D51980C73}.Debug|Any CPU.Build.0 = Debug|Any CPU
		{58EA2531-1514-43EA-9436-560D51980C73}.Release|Any CPU.ActiveCfg = Release|Any CPU
		{58EA2531-1514-43EA-9436-560D51980C73}.Release|Any CPU.Build.0 = Release|Any CPU
	EndGlobalSection
	GlobalSection(SolutionProperties) = preSolution
		HideSolutionNode = FALSE
	EndGlobalSection
	GlobalSection(NestedProjects) = preSolution
		{CB6CE859-1AC6-4360-9026-F8F606559198} = {810401D4-9061-4D3B-8613-D35985686415}
		{8B700206-1197-4A0C-8AFB-9CC02904651F} = {810401D4-9061-4D3B-8613-D35985686415}
		{58EA2531-1514-43EA-9436-560D51980C73} = {810401D4-9061-4D3B-8613-D35985686415}
	EndGlobalSection
	GlobalSection(ExtensibilityGlobals) = postSolution
		SolutionGuid = {F33B868C-D414-4BC3-B682-925F5A6DC604}
	EndGlobalSection
EndGlobal
